
Microsoft Visual Studio Solution File, Format Version 12.00
# Visual Studio Version 17
VisualStudioVersion = 17.2.32602.215
MinimumVisualStudioVersion = 10.0.40219.1
Project("{FAE04EC0-301F-11D3-BF4B-00C04F79EFBC}") = "ECommerce.UI", "ECommerce.UI\ECommerce.UI.csproj", "{4460B092-93B4-456F-B6BA-9656E7DED8DC}"
EndProject
Project("{FAE04EC0-301F-11D3-BF4B-00C04F79EFBC}") = "ECommerce.Business", "ECommerce.Business\ECommerce.Business.csproj", "{E5ED93D7-7C6A-4F98-BE2B-C9E8747E904D}"
EndProject
Project("{FAE04EC0-301F-11D3-BF4B-00C04F79EFBC}") = "ECommerce.Core", "ECommerce.Core\ECommerce.Core.csproj", "{6531759C-3D9E-4A7E-983D-33E81E6285A0}"
EndProject
Project("{FAE04EC0-301F-11D3-BF4B-00C04F79EFBC}") = "ECommerce.DataAccess", "ECommerce.DataAccess\ECommerce.DataAccess.csproj", "{7D65B78F-7627-4D5D-931C-BAE9C770A118}"
EndProject
Project("{FAE04EC0-301F-11D3-BF4B-00C04F79EFBC}") = "ECommerce.Entities", "ECommerce.Entities\ECommerce.Entities.csproj", "{AD13F760-C5EB-4EA0-A95E-79AA72294DBD}"
EndProject
Global
	GlobalSection(SolutionConfigurationPlatforms) = preSolution
		Debug|Any CPU = Debug|Any CPU
		Release|Any CPU = Release|Any CPU
	EndGlobalSection
	GlobalSection(ProjectConfigurationPlatforms) = postSolution
		{4460B092-93B4-456F-B6BA-9656E7DED8DC}.Debug|Any CPU.ActiveCfg = Debug|Any CPU
		{4460B092-93B4-456F-B6BA-9656E7DED8DC}.Debug|Any CPU.Build.0 = Debug|Any CPU
		{4460B092-93B4-456F-B6BA-9656E7DED8DC}.Release|Any CPU.ActiveCfg = Release|Any CPU
		{4460B092-93B4-456F-B6BA-9656E7DED8DC}.Release|Any CPU.Build.0 = Release|Any CPU
		{E5ED93D7-7C6A-4F98-BE2B-C9E8747E904D}.Debug|Any CPU.ActiveCfg = Debug|Any CPU
		{E5ED93D7-7C6A-4F98-BE2B-C9E8747E904D}.Debug|Any CPU.Build.0 = Debug|Any CPU
		{E5ED93D7-7C6A-4F98-BE2B-C9E8747E904D}.Release|Any CPU.ActiveCfg = Release|Any CPU
		{E5ED93D7-7C6A-4F98-BE2B-C9E8747E904D}.Release|Any CPU.Build.0 = Release|Any CPU
		{6531759C-3D9E-4A7E-983D-33E81E6285A0}.Debug|Any CPU.ActiveCfg = Debug|Any CPU
		{6531759C-3D9E-4A7E-983D-33E81E6285A0}.Debug|Any CPU.Build.0 = Debug|Any CPU
		{6531759C-3D9E-4A7E-983D-33E81E6285A0}.Release|Any CPU.ActiveCfg = Release|Any CPU
		{6531759C-3D9E-4A7E-983D-33E81E6285A0}.Release|Any CPU.Build.0 = Release|Any CPU
		{7D65B78F-7627-4D5D-931C-BAE9C770A118}.Debug|Any CPU.ActiveCfg = Debug|Any CPU
		{7D65B78F-7627-4D5D-931C-BAE9C770A118}.Debug|Any CPU.Build.0 = Debug|Any CPU
		{7D65B78F-7627-4D5D-931C-BAE9C770A118}.Release|Any CPU.ActiveCfg = Release|Any CPU
		{7D65B78F-7627-4D5D-931C-BAE9C770A118}.Release|Any CPU.Build.0 = Release|Any CPU
		{AD13F760-C5EB-4EA0-A95E-79AA72294DBD}.Debug|Any CPU.ActiveCfg = Debug|Any CPU
		{AD13F760-C5EB-4EA0-A95E-79AA72294DBD}.Debug|Any CPU.Build.0 = Debug|Any CPU
		{AD13F760-C5EB-4EA0-A95E-79AA72294DBD}.Release|Any CPU.ActiveCfg = Release|Any CPU
		{AD13F760-C5EB-4EA0-A95E-79AA72294DBD}.Release|Any CPU.Build.0 = Release|Any CPU
	EndGlobalSection
	GlobalSection(SolutionProperties) = preSolution
		HideSolutionNode = FALSE
	EndGlobalSection
	GlobalSection(ExtensibilityGlobals) = postSolution
		SolutionGuid = {8BED1971-8FE4-486A-9E05-F769F23F22C7}
	EndGlobalSection
EndGlobal
